
Microsoft Visual Studio Solution File, Format Version 12.00
# Visual Studio Version 17
VisualStudioVersion = 17.3.32929.385
MinimumVisualStudioVersion = 10.0.40219.1
Project("{00D1A9C2-B5F0-4AF3-8072-F6C62B433612}") = "TotalMedieval.DB", "src\TotalMedieval.DB\TotalMedieval.DB.sqlproj", "{47C8BFF4-EF6F-4006-AD08-6AF49F3479D9}"
EndProject
Project("{2150E333-8FDC-42A3-9474-1A3956D46DE8}") = "SolutionFiles", "SolutionFiles", "{5E802E8C-84FF-4C12-A5E6-A5A2A976384F}"
	ProjectSection(SolutionItems) = preProject
		SolutionFiles\descr_strat.txt = SolutionFiles\descr_strat.txt
	EndProjectSection
EndProject
Project("{888888A0-9F3D-457C-B088-3A5042F75D52}") = "TotalMedieval.Scripts", "src\TotalMedieval.Scripts\TotalMedieval.Scripts.pyproj", "{D01D8429-8360-41C5-9F4D-4353F4756DD1}"
EndProject
Project("{9A19103F-16F7-4668-BE54-9A1E7A4F7556}") = "TotalMedieval.Application", "src\TotalMedieval.Application\TotalMedieval.Application.csproj", "{F2E087D6-6C6B-4843-9AE2-6D54C6B436E0}"
EndProject
Project("{9A19103F-16F7-4668-BE54-9A1E7A4F7556}") = "TotalMedieval.Domain", "src\TotalMedieval.Domain\TotalMedieval.Domain.csproj", "{C2F86824-32B0-4941-9A8E-5473879FE41A}"
EndProject
Project("{9A19103F-16F7-4668-BE54-9A1E7A4F7556}") = "TotalMedieval.Api", "src\TotalMedieval.Api\TotalMedieval.Api.csproj", "{24E37D3F-7C5A-43DF-AF55-85B84FFD9C42}"
EndProject
Project("{9A19103F-16F7-4668-BE54-9A1E7A4F7556}") = "TotalMedieval.WebApi", "src\TotalMedieval.WebApi\TotalMedieval.WebApi.csproj", "{DB21306C-953C-481A-841D-611D228DD5E5}"
EndProject
Global
	GlobalSection(SolutionConfigurationPlatforms) = preSolution
		Debug|Any CPU = Debug|Any CPU
		Release|Any CPU = Release|Any CPU
	EndGlobalSection
	GlobalSection(ProjectConfigurationPlatforms) = postSolution
		{47C8BFF4-EF6F-4006-AD08-6AF49F3479D9}.Debug|Any CPU.ActiveCfg = Debug|Any CPU
		{47C8BFF4-EF6F-4006-AD08-6AF49F3479D9}.Debug|Any CPU.Build.0 = Debug|Any CPU
		{47C8BFF4-EF6F-4006-AD08-6AF49F3479D9}.Debug|Any CPU.Deploy.0 = Debug|Any CPU
		{47C8BFF4-EF6F-4006-AD08-6AF49F3479D9}.Release|Any CPU.ActiveCfg = Release|Any CPU
		{47C8BFF4-EF6F-4006-AD08-6AF49F3479D9}.Release|Any CPU.Build.0 = Release|Any CPU
		{47C8BFF4-EF6F-4006-AD08-6AF49F3479D9}.Release|Any CPU.Deploy.0 = Release|Any CPU
		{D01D8429-8360-41C5-9F4D-4353F4756DD1}.Debug|Any CPU.ActiveCfg = Debug|Any CPU
		{D01D8429-8360-41C5-9F4D-4353F4756DD1}.Release|Any CPU.ActiveCfg = Release|Any CPU
		{F2E087D6-6C6B-4843-9AE2-6D54C6B436E0}.Debug|Any CPU.ActiveCfg = Debug|Any CPU
		{F2E087D6-6C6B-4843-9AE2-6D54C6B436E0}.Debug|Any CPU.Build.0 = Debug|Any CPU
		{F2E087D6-6C6B-4843-9AE2-6D54C6B436E0}.Release|Any CPU.ActiveCfg = Release|Any CPU
		{F2E087D6-6C6B-4843-9AE2-6D54C6B436E0}.Release|Any CPU.Build.0 = Release|Any CPU
		{C2F86824-32B0-4941-9A8E-5473879FE41A}.Debug|Any CPU.ActiveCfg = Debug|Any CPU
		{C2F86824-32B0-4941-9A8E-5473879FE41A}.Debug|Any CPU.Build.0 = Debug|Any CPU
		{C2F86824-32B0-4941-9A8E-5473879FE41A}.Release|Any CPU.ActiveCfg = Release|Any CPU
		{C2F86824-32B0-4941-9A8E-5473879FE41A}.Release|Any CPU.Build.0 = Release|Any CPU
		{24E37D3F-7C5A-43DF-AF55-85B84FFD9C42}.Debug|Any CPU.ActiveCfg = Debug|Any CPU
		{24E37D3F-7C5A-43DF-AF55-85B84FFD9C42}.Debug|Any CPU.Build.0 = Debug|Any CPU
		{24E37D3F-7C5A-43DF-AF55-85B84FFD9C42}.Release|Any CPU.ActiveCfg = Release|Any CPU
		{24E37D3F-7C5A-43DF-AF55-85B84FFD9C42}.Release|Any CPU.Build.0 = Release|Any CPU
		{DB21306C-953C-481A-841D-611D228DD5E5}.Debug|Any CPU.ActiveCfg = Debug|Any CPU
		{DB21306C-953C-481A-841D-611D228DD5E5}.Debug|Any CPU.Build.0 = Debug|Any CPU
		{DB21306C-953C-481A-841D-611D228DD5E5}.Release|Any CPU.ActiveCfg = Release|Any CPU
		{DB21306C-953C-481A-841D-611D228DD5E5}.Release|Any CPU.Build.0 = Release|Any CPU
	EndGlobalSection
	GlobalSection(SolutionProperties) = preSolution
		HideSolutionNode = FALSE
	EndGlobalSection
	GlobalSection(ExtensibilityGlobals) = postSolution
		SolutionGuid = {A93E9CA7-4B31-471B-B4EC-BD4244886048}
	EndGlobalSection
EndGlobal
